// !$*UTF8*$!
{
	archiveVersion = 1;
	classes = {
	};
	objectVersion = 77;
	objects = {

/* Begin PBXBuildFile section */
		227CCC332F2882B3009E0BD0 /* SwiftUIIntrospect in Frameworks */ = {isa = PBXBuildFile; productRef = 227CCC322F2882B3009E0BD0 /* SwiftUIIntrospect */; };
		22F036192F1ADE1A00A47787 /* Secrets.xcconfig in Resources */ = {isa = PBXBuildFile; fileRef = 22F036182F1ADE1A00A47787 /* Secrets.xcconfig */; };
		22F03A542F1C0B6400A47787 /* MarkdownUI in Frameworks */ = {isa = PBXBuildFile; productRef = 22F03A532F1C0B6400A47787 /* MarkdownUI */; };
/* End PBXBuildFile section */

/* Begin PBXContainerItemProxy section */
		22B210292F10FD9B0078D1EA /* PBXContainerItemProxy */ = {
			isa = PBXContainerItemProxy;
			containerPortal = 22B210112F10FD990078D1EA /* Project object */;
			proxyType = 1;
			remoteGlobalIDString = 22B210182F10FD990078D1EA;
			remoteInfo = SmartBook;
		};
		22B210332F10FD9B0078D1EA /* PBXContainerItemProxy */ = {
			isa = PBXContainerItemProxy;
			containerPortal = 22B210112F10FD990078D1EA /* Project object */;
			proxyType = 1;
			remoteGlobalIDString = 22B210182F10FD990078D1EA;
			remoteInfo = SmartBook;
		};
/* End PBXContainerItemProxy section */

/* Begin PBXFileReference section */
		22B210192F10FD990078D1EA /* SmartBook.app */ = {isa = PBXFileReference; explicitFileType = wrapper.application; includeInIndex = 0; path = SmartBook.app; sourceTree = BUILT_PRODUCTS_DIR; };
		22B210282F10FD9B0078D1EA /* SmartBookTests.xctest */ = {isa = PBXFileReference; explicitFileType = wrapper.cfbundle; includeInIndex = 0; path = SmartBookTests.xctest; sourceTree = BUILT_PRODUCTS_DIR; };
		22B210322F10FD9B0078D1EA /* SmartBookUITests.xctest */ = {isa = PBXFileReference; explicitFileType = wrapper.cfbundle; includeInIndex = 0; path = SmartBookUITests.xctest; sourceTree = BUILT_PRODUCTS_DIR; };
		22F036182F1ADE1A00A47787 /* Secrets.xcconfig */ = {isa = PBXFileReference; lastKnownFileType = text.xcconfig; path = Secrets.xcconfig; sourceTree = "<group>"; };
/* End PBXFileReference section */

/* Begin PBXFileSystemSynchronizedBuildFileExceptionSet section */
		22F036172F1ADC6200A47787 /* Exceptions for "SmartBook" folder in "SmartBook" target */ = {
			isa = PBXFileSystemSynchronizedBuildFileExceptionSet;
			membershipExceptions = (
				Info.plist,
			);
			target = 22B210182F10FD990078D1EA /* SmartBook */;
		};
/* End PBXFileSystemSynchronizedBuildFileExceptionSet section */

/* Begin PBXFileSystemSynchronizedRootGroup section */
		22B2101B2F10FD990078D1EA /* SmartBook */ = {
			isa = PBXFileSystemSynchronizedRootGroup;
			exceptions = (
				22F036172F1ADC6200A47787 /* Exceptions for "SmartBook" folder in "SmartBook" target */,
			);
			path = SmartBook;
			sourceTree = "<group>";
		};
		22B2102B2F10FD9B0078D1EA /* SmartBookTests */ = {
			isa = PBXFileSystemSynchronizedRootGroup;
			path = SmartBookTests;
			sourceTree = "<group>";
		};
		22B210352F10FD9B0078D1EA /* SmartBookUITests */ = {
			isa = PBXFileSystemSynchronizedRootGroup;
			path = SmartBookUITests;
			sourceTree = "<group>";
		};
/* End PBXFileSystemSynchronizedRootGroup section */

/* Begin PBXFrameworksBuildPhase section */
		22B210162F10FD990078D1EA /* Frameworks */ = {
			isa = PBXFrameworksBuildPhase;
			buildActionMask = 2147483647;
			files = (
				22F03A542F1C0B6400A47787 /* MarkdownUI in Frameworks */,
				227CCC332F2882B3009E0BD0 /* SwiftUIIntrospect in Frameworks */,
			);
			runOnlyForDeploymentPostprocessing = 0;
		};
		22B210252F10FD9B0078D1EA /* Frameworks */ = {
			isa = PBXFrameworksBuildPhase;
			buildActionMask = 2147483647;
			files = (
			);
			runOnlyForDeploymentPostprocessing = 0;
		};
		22B2102F2F10FD9B0078D1EA /* Frameworks */ = {
			isa = PBXFrameworksBuildPhase;
			buildActionMask = 2147483647;
			files = (
			);
			runOnlyForDeploymentPostprocessing = 0;
		};
/* End PBXFrameworksBuildPhase section */

/* Begin PBXGroup section */
		22B210102F10FD990078D1EA = {
			isa = PBXGroup;
			children = (
				22B2101B2F10FD990078D1EA /* SmartBook */,
				22B2102B2F10FD9B0078D1EA /* SmartBookTests */,
				22B210352F10FD9B0078D1EA /* SmartBookUITests */,
				22B2101A2F10FD990078D1EA /* Products */,
				22F036182F1ADE1A00A47787 /* Secrets.xcconfig */,
			);
			sourceTree = "<group>";
		};
		22B2101A2F10FD990078D1EA /* Products */ = {
			isa = PBXGroup;
			children = (
				22B210192F10FD990078D1EA /* SmartBook.app */,
				22B210282F10FD9B0078D1EA /* SmartBookTests.xctest */,
				22B210322F10FD9B0078D1EA /* SmartBookUITests.xctest */,
			);
			name = Products;
			sourceTree = "<group>";
		};
/* End PBXGroup section */

/* Begin PBXNativeTarget section */
		22B210182F10FD990078D1EA /* SmartBook */ = {
			isa = PBXNativeTarget;
			buildConfigurationList = 22B2103C2F10FD9B0078D1EA /* Build configuration list for PBXNativeTarget "SmartBook" */;
			buildPhases = (
				22B210152F10FD990078D1EA /* Sources */,
				22B210162F10FD990078D1EA /* Frameworks */,
				22B210172F10FD990078D1EA /* Resources */,
			);
			buildRules = (
			);
			dependencies = (
			);
			fileSystemSynchronizedGroups = (
				22B2101B2F10FD990078D1EA /* SmartBook */,
			);
			name = SmartBook;
			packageProductDependencies = (
				22F03A532F1C0B6400A47787 /* MarkdownUI */,
				227CCC322F2882B3009E0BD0 /* SwiftUIIntrospect */,
			);
			productName = SmartBook;
			productReference = 22B210192F10FD990078D1EA /* SmartBook.app */;
			productType = "com.apple.product-type.application";
		};
		22B210272F10FD9B0078D1EA /* SmartBookTests */ = {
			isa = PBXNativeTarget;
			buildConfigurationList = 22B2103F2F10FD9B0078D1EA /* Build configuration list for PBXNativeTarget "SmartBookTests" */;
			buildPhases = (
				22B210242F10FD9B0078D1EA /* Sources */,
				22B210252F10FD9B0078D1EA /* Frameworks */,
				22B210262F10FD9B0078D1EA /* Resources */,
			);
			buildRules = (
			);
			dependencies = (
				22B2102A2F10FD9B0078D1EA /* PBXTargetDependency */,
			);
			fileSystemSynchronizedGroups = (
				22B2102B2F10FD9B0078D1EA /* SmartBookTests */,
			);
			name = SmartBookTests;
			packageProductDependencies = (
			);
			productName = SmartBookTests;
			productReference = 22B210282F10FD9B0078D1EA /* SmartBookTests.xctest */;
			productType = "com.apple.product-type.bundle.unit-test";
		};
		22B210312F10FD9B0078D1EA /* SmartBookUITests */ = {
			isa = PBXNativeTarget;
			buildConfigurationList = 22B210422F10FD9B0078D1EA /* Build configuration list for PBXNativeTarget "SmartBookUITests" */;
			buildPhases = (
				22B2102E2F10FD9B0078D1EA /* Sources */,
				22B2102F2F10FD9B0078D1EA /* Frameworks */,
				22B210302F10FD9B0078D1EA /* Resources */,
			);
			buildRules = (
			);
			dependencies = (
				22B210342F10FD9B0078D1EA /* PBXTargetDependency */,
			);
			fileSystemSynchronizedGroups = (
				22B210352F10FD9B0078D1EA /* SmartBookUITests */,
			);
			name = SmartBookUITests;
			packageProductDependencies = (
			);
			productName = SmartBookUITests;
			productReference = 22B210322F10FD9B0078D1EA /* SmartBookUITests.xctest */;
			productType = "com.apple.product-type.bundle.ui-testing";
		};
/* End PBXNativeTarget section */

/* Begin PBXProject section */
		22B210112F10FD990078D1EA /* Project object */ = {
			isa = PBXProject;
			attributes = {
				BuildIndependentTargetsInParallel = 1;
				LastSwiftUpdateCheck = 2620;
				LastUpgradeCheck = 2620;
				TargetAttributes = {
					22B210182F10FD990078D1EA = {
						CreatedOnToolsVersion = 26.2;
					};
					22B210272F10FD9B0078D1EA = {
						CreatedOnToolsVersion = 26.2;
						TestTargetID = 22B210182F10FD990078D1EA;
					};
					22B210312F10FD9B0078D1EA = {
						CreatedOnToolsVersion = 26.2;
						TestTargetID = 22B210182F10FD990078D1EA;
					};
				};
			};
			buildConfigurationList = 22B210142F10FD990078D1EA /* Build configuration list for PBXProject "SmartBook" */;
			developmentRegion = en;
			hasScannedForEncodings = 0;
			knownRegions = (
				en,
				Base,
				"zh-Hans",
				"zh-Hant",
			);
			mainGroup = 22B210102F10FD990078D1EA;
			minimizedProjectReferenceProxies = 1;
			packageReferences = (
				22F03A522F1C0B6400A47787 /* XCRemoteSwiftPackageReference "swift-markdown-ui" */,
				227CCC312F2882B3009E0BD0 /* XCRemoteSwiftPackageReference "swiftui-introspect" */,
			);
			preferredProjectObjectVersion = 77;
			productRefGroup = 22B2101A2F10FD990078D1EA /* Products */;
			projectDirPath = "";
			projectRoot = "";
			targets = (
				22B210182F10FD990078D1EA /* SmartBook */,
				22B210272F10FD9B0078D1EA /* SmartBookTests */,
				22B210312F10FD9B0078D1EA /* SmartBookUITests */,
			);
		};
/* End PBXProject section */

/* Begin PBXResourcesBuildPhase section */
		22B210172F10FD990078D1EA /* Resources */ = {
			isa = PBXResourcesBuildPhase;
			buildActionMask = 2147483647;
			files = (
				22F036192F1ADE1A00A47787 /* Secrets.xcconfig in Resources */,
			);
			runOnlyForDeploymentPostprocessing = 0;
		};
		22B210262F10FD9B0078D1EA /* Resources */ = {
			isa = PBXResourcesBuildPhase;
			buildActionMask = 2147483647;
			files = (
			);
			runOnlyForDeploymentPostprocessing = 0;
		};
		22B210302F10FD9B0078D1EA /* Resources */ = {
			isa = PBXResourcesBuildPhase;
			buildActionMask = 2147483647;
			files = (
			);
			runOnlyForDeploymentPostprocessing = 0;
		};
/* End PBXResourcesBuildPhase section */

/* Begin PBXSourcesBuildPhase section */
		22B210152F10FD990078D1EA /* Sources */ = {
			isa = PBXSourcesBuildPhase;
			buildActionMask = 2147483647;
			files = (
			);
			runOnlyForDeploymentPostprocessing = 0;
		};
		22B210242F10FD9B0078D1EA /* Sources */ = {
			isa = PBXSourcesBuildPhase;
			buildActionMask = 2147483647;
			files = (
			);
			runOnlyForDeploymentPostprocessing = 0;
		};
		22B2102E2F10FD9B0078D1EA /* Sources */ = {
			isa = PBXSourcesBuildPhase;
			buildActionMask = 2147483647;
			files = (
			);
			runOnlyForDeploymentPostprocessing = 0;
		};
/* End PBXSourcesBuildPhase section */

/* Begin PBXTargetDependency section */
		22B2102A2F10FD9B0078D1EA /* PBXTargetDependency */ = {
			isa = PBXTargetDependency;
			target = 22B210182F10FD990078D1EA /* SmartBook */;
			targetProxy = 22B210292F10FD9B0078D1EA /* PBXContainerItemProxy */;
		};
		22B210342F10FD9B0078D1EA /* PBXTargetDependency */ = {
			isa = PBXTargetDependency;
			target = 22B210182F10FD990078D1EA /* SmartBook */;
			targetProxy = 22B210332F10FD9B0078D1EA /* PBXContainerItemProxy */;
		};
/* End PBXTargetDependency section */

/* Begin XCBuildConfiguration section */
		22B2103A2F10FD9B0078D1EA /* Debug */ = {
			isa = XCBuildConfiguration;
			buildSettings = {
				ALWAYS_SEARCH_USER_PATHS = NO;
				ASSETCATALOG_COMPILER_GENERATE_SWIFT_ASSET_SYMBOL_EXTENSIONS = YES;
				CLANG_ANALYZER_NONNULL = YES;
				CLANG_ANALYZER_NUMBER_OBJECT_CONVERSION = YES_AGGRESSIVE;
				CLANG_CXX_LANGUAGE_STANDARD = "gnu++20";
				CLANG_ENABLE_MODULES = YES;
				CLANG_ENABLE_OBJC_ARC = YES;
				CLANG_ENABLE_OBJC_WEAK = YES;
				CLANG_WARN_BLOCK_CAPTURE_AUTORELEASING = YES;
				CLANG_WARN_BOOL_CONVERSION = YES;
				CLANG_WARN_COMMA = YES;
				CLANG_WARN_CONSTANT_CONVERSION = YES;
				CLANG_WARN_DEPRECATED_OBJC_IMPLEMENTATIONS = YES;
				CLANG_WARN_DIRECT_OBJC_ISA_USAGE = YES_ERROR;
				CLANG_WARN_DOCUMENTATION_COMMENTS = YES;
				CLANG_WARN_EMPTY_BODY = YES;
				CLANG_WARN_ENUM_CONVERSION = YES;
				CLANG_WARN_INFINITE_RECURSION = YES;
				CLANG_WARN_INT_CONVERSION = YES;
				CLANG_WARN_NON_LITERAL_NULL_CONVERSION = YES;
				CLANG_WARN_OBJC_IMPLICIT_RETAIN_SELF = YES;
				CLANG_WARN_OBJC_LITERAL_CONVERSION = YES;
				CLANG_WARN_OBJC_ROOT_CLASS = YES_ERROR;
				CLANG_WARN_QUOTED_INCLUDE_IN_FRAMEWORK_HEADER = YES;
				CLANG_WARN_RANGE_LOOP_ANALYSIS = YES;
				CLANG_WARN_STRICT_PROTOTYPES = YES;
				CLANG_WARN_SUSPICIOUS_MOVE = YES;
				CLANG_WARN_UNGUARDED_AVAILABILITY = YES_AGGRESSIVE;
				CLANG_WARN_UNREACHABLE_CODE = YES;
				CLANG_WARN__DUPLICATE_METHOD_MATCH = YES;
				COPY_PHASE_STRIP = NO;
				DEBUG_INFORMATION_FORMAT = dwarf;
				DEVELOPMENT_TEAM = 42GWBGG54F;
				ENABLE_STRICT_OBJC_MSGSEND = YES;
				ENABLE_TESTABILITY = YES;
				ENABLE_USER_SCRIPT_SANDBOXING = YES;
				GCC_C_LANGUAGE_STANDARD = gnu17;
				GCC_DYNAMIC_NO_PIC = NO;
				GCC_NO_COMMON_BLOCKS = YES;
				GCC_OPTIMIZATION_LEVEL = 0;
				GCC_PREPROCESSOR_DEFINITIONS = (
					"DEBUG=1",
					"$(inherited)",
				);
				GCC_WARN_64_TO_32_BIT_CONVERSION = YES;
				GCC_WARN_ABOUT_RETURN_TYPE = YES_ERROR;
				GCC_WARN_UNDECLARED_SELECTOR = YES;
				GCC_WARN_UNINITIALIZED_AUTOS = YES_AGGRESSIVE;
				GCC_WARN_UNUSED_FUNCTION = YES;
				GCC_WARN_UNUSED_VARIABLE = YES;
				IPHONEOS_DEPLOYMENT_TARGET = 26.2;
				LOCALIZATION_PREFERS_STRING_CATALOGS = YES;
				MTL_ENABLE_DEBUG_INFO = INCLUDE_SOURCE;
				MTL_FAST_MATH = YES;
				ONLY_ACTIVE_ARCH = YES;
				SDKROOT = iphoneos;
				SWIFT_ACTIVE_COMPILATION_CONDITIONS = "DEBUG $(inherited)";
				SWIFT_OPTIMIZATION_LEVEL = "-Onone";
			};
			name = Debug;
		};
		22B2103B2F10FD9B0078D1EA /* Release */ = {
			isa = XCBuildConfiguration;
			buildSettings = {
				ALWAYS_SEARCH_USER_PATHS = NO;
				ASSETCATALOG_COMPILER_GENERATE_SWIFT_ASSET_SYMBOL_EXTENSIONS = YES;
				CLANG_ANALYZER_NONNULL = YES;
				CLANG_ANALYZER_NUMBER_OBJECT_CONVERSION = YES_AGGRESSIVE;
				CLANG_CXX_LANGUAGE_STANDARD = "gnu++20";
				CLANG_ENABLE_MODULES = YES;
				CLANG_ENABLE_OBJC_ARC = YES;
				CLANG_ENABLE_OBJC_WEAK = YES;
				CLANG_WARN_BLOCK_CAPTURE_AUTORELEASING = YES;
				CLANG_WARN_BOOL_CONVERSION = YES;
				CLANG_WARN_COMMA = YES;
				CLANG_WARN_CONSTANT_CONVERSION = YES;
				CLANG_WARN_DEPRECATED_OBJC_IMPLEMENTATIONS = YES;
				CLANG_WARN_DIRECT_OBJC_ISA_USAGE = YES_ERROR;
				CLANG_WARN_DOCUMENTATION_COMMENTS = YES;
				CLANG_WARN_EMPTY_BODY = YES;
				CLANG_WARN_ENUM_CONVERSION = YES;
				CLANG_WARN_INFINITE_RECURSION = YES;
				CLANG_WARN_INT_CONVERSION = YES;
				CLANG_WARN_NON_LITERAL_NULL_CONVERSION = YES;
				CLANG_WARN_OBJC_IMPLICIT_RETAIN_SELF = YES;
				CLANG_WARN_OBJC_LITERAL_CONVERSION = YES;
				CLANG_WARN_OBJC_ROOT_CLASS = YES_ERROR;
				CLANG_WARN_QUOTED_INCLUDE_IN_FRAMEWORK_HEADER = YES;
				CLANG_WARN_RANGE_LOOP_ANALYSIS = YES;
				CLANG_WARN_STRICT_PROTOTYPES = YES;
				CLANG_WARN_SUSPICIOUS_MOVE = YES;
				CLANG_WARN_UNGUARDED_AVAILABILITY = YES_AGGRESSIVE;
				CLANG_WARN_UNREACHABLE_CODE = YES;
				CLANG_WARN__DUPLICATE_METHOD_MATCH = YES;
				COPY_PHASE_STRIP = NO;
				DEBUG_INFORMATION_FORMAT = "dwarf-with-dsym";
				DEVELOPMENT_TEAM = 42GWBGG54F;
				ENABLE_NS_ASSERTIONS = NO;
				ENABLE_STRICT_OBJC_MSGSEND = YES;
				ENABLE_USER_SCRIPT_SANDBOXING = YES;
				GCC_C_LANGUAGE_STANDARD = gnu17;
				GCC_NO_COMMON_BLOCKS = YES;
				GCC_WARN_64_TO_32_BIT_CONVERSION = YES;
				GCC_WARN_ABOUT_RETURN_TYPE = YES_ERROR;
				GCC_WARN_UNDECLARED_SELECTOR = YES;
				GCC_WARN_UNINITIALIZED_AUTOS = YES_AGGRESSIVE;
				GCC_WARN_UNUSED_FUNCTION = YES;
				GCC_WARN_UNUSED_VARIABLE = YES;
				IPHONEOS_DEPLOYMENT_TARGET = 26.2;
				LOCALIZATION_PREFERS_STRING_CATALOGS = YES;
				MTL_ENABLE_DEBUG_INFO = NO;
				MTL_FAST_MATH = YES;
				SDKROOT = iphoneos;
				SWIFT_COMPILATION_MODE = wholemodule;
				VALIDATE_PRODUCT = YES;
			};
			name = Release;
		};
		22B2103D2F10FD9B0078D1EA /* Debug */ = {
			isa = XCBuildConfiguration;
			baseConfigurationReference = 22F036182F1ADE1A00A47787 /* Secrets.xcconfig */;
			buildSettings = {
				ASSETCATALOG_COMPILER_APPICON_NAME = AppIcon;
				ASSETCATALOG_COMPILER_GLOBAL_ACCENT_COLOR_NAME = AccentColor;
				CODE_SIGN_ENTITLEMENTS = SmartBook/SmartBook.entitlements;
				CODE_SIGN_IDENTITY = "Apple Development";
				CODE_SIGN_STYLE = Automatic;
				CURRENT_PROJECT_VERSION = 1;
				DEVELOPMENT_TEAM = 42GWBGG54F;
				ENABLE_PREVIEWS = YES;
				GENERATE_INFOPLIST_FILE = YES;
				INFOPLIST_FILE = SmartBook/Info.plist;
				INFOPLIST_KEY_NSMicrophoneUsageDescription = "需要麦克风权限来录制语音";
				INFOPLIST_KEY_NSSpeechRecognitionUsageDescription = "需要语音识别权限来实现语音输入";
				INFOPLIST_KEY_UIApplicationSceneManifest_Generation = YES;
				INFOPLIST_KEY_UIApplicationSupportsIndirectInputEvents = YES;
				INFOPLIST_KEY_UILaunchScreen_Generation = YES;
				INFOPLIST_KEY_UISupportedInterfaceOrientations_iPad = "UIInterfaceOrientationPortrait UIInterfaceOrientationPortraitUpsideDown UIInterfaceOrientationLandscapeLeft UIInterfaceOrientationLandscapeRight";
				INFOPLIST_KEY_UISupportedInterfaceOrientations_iPhone = "UIInterfaceOrientationPortrait UIInterfaceOrientationLandscapeLeft UIInterfaceOrientationLandscapeRight";
				IPHONEOS_DEPLOYMENT_TARGET = 18.6;
				LD_RUNPATH_SEARCH_PATHS = (
					"$(inherited)",
					"@executable_path/Frameworks",
				);
				MARKETING_VERSION = 1.0;
				PRODUCT_BUNDLE_IDENTIFIER = com.agc.SmartBook;
				PRODUCT_NAME = "$(TARGET_NAME)";
				PROVISIONING_PROFILE_SPECIFIER = "";
				STRING_CATALOG_GENERATE_SYMBOLS = YES;
				SWIFT_APPROACHABLE_CONCURRENCY = YES;
				SWIFT_DEFAULT_ACTOR_ISOLATION = MainActor;
				SWIFT_EMIT_LOC_STRINGS = YES;
				SWIFT_UPCOMING_FEATURE_MEMBER_IMPORT_VISIBILITY = YES;
				SWIFT_VERSION = 5.0;
				TARGETED_DEVICE_FAMILY = "1,2";
			};
			name = Debug;
		};
		22B2103E2F10FD9B0078D1EA /* Release */ = {
			isa = XCBuildConfiguration;
			baseConfigurationReference = 22F036182F1ADE1A00A47787 /* Secrets.xcconfig */;
			buildSettings = {
				ASSETCATALOG_COMPILER_APPICON_NAME = AppIcon;
				ASSETCATALOG_COMPILER_GLOBAL_ACCENT_COLOR_NAME = AccentColor;
				CODE_SIGN_ENTITLEMENTS = SmartBook/SmartBook.entitlements;
				CODE_SIGN_IDENTITY = "Apple Development";
				CODE_SIGN_STYLE = Automatic;
				CURRENT_PROJECT_VERSION = 1;
				DEVELOPMENT_TEAM = 42GWBGG54F;
				ENABLE_PREVIEWS = YES;
				GENERATE_INFOPLIST_FILE = YES;
				INFOPLIST_FILE = SmartBook/Info.plist;
				INFOPLIST_KEY_NSMicrophoneUsageDescription = "需要麦克风权限来录制语音";
				INFOPLIST_KEY_NSSpeechRecognitionUsageDescription = "需要语音识别权限来实现语音输入";
				INFOPLIST_KEY_UIApplicationSceneManifest_Generation = YES;
				INFOPLIST_KEY_UIApplicationSupportsIndirectInputEvents = YES;
				INFOPLIST_KEY_UILaunchScreen_Generation = YES;
				INFOPLIST_KEY_UISupportedInterfaceOrientations_iPad = "UIInterfaceOrientationPortrait UIInterfaceOrientationPortraitUpsideDown UIInterfaceOrientationLandscapeLeft UIInterfaceOrientationLandscapeRight";
				INFOPLIST_KEY_UISupportedInterfaceOrientations_iPhone = "UIInterfaceOrientationPortrait UIInterfaceOrientationLandscapeLeft UIInterfaceOrientationLandscapeRight";
				IPHONEOS_DEPLOYMENT_TARGET = 18.6;
				LD_RUNPATH_SEARCH_PATHS = (
					"$(inherited)",
					"@executable_path/Frameworks",
				);
				MARKETING_VERSION = 1.0;
				PRODUCT_BUNDLE_IDENTIFIER = com.agc.SmartBook;
				PRODUCT_NAME = "$(TARGET_NAME)";
				PROVISIONING_PROFILE_SPECIFIER = "";
				STRING_CATALOG_GENERATE_SYMBOLS = YES;
				SWIFT_APPROACHABLE_CONCURRENCY = YES;
				SWIFT_DEFAULT_ACTOR_ISOLATION = MainActor;
				SWIFT_EMIT_LOC_STRINGS = YES;
				SWIFT_UPCOMING_FEATURE_MEMBER_IMPORT_VISIBILITY = YES;
				SWIFT_VERSION = 5.0;
				TARGETED_DEVICE_FAMILY = "1,2";
			};
			name = Release;
		};
		22B210402F10FD9B0078D1EA /* Debug */ = {
			isa = XCBuildConfiguration;
			buildSettings = {
				BUNDLE_LOADER = "$(TEST_HOST)";
				CODE_SIGN_STYLE = Automatic;
				CURRENT_PROJECT_VERSION = 1;
				DEVELOPMENT_TEAM = 42GWBGG54F;
				GENERATE_INFOPLIST_FILE = YES;
				IPHONEOS_DEPLOYMENT_TARGET = 26.2;
				MARKETING_VERSION = 1.0;
				PRODUCT_BUNDLE_IDENTIFIER = com.agc.SmartBookTests;
				PRODUCT_NAME = "$(TARGET_NAME)";
				STRING_CATALOG_GENERATE_SYMBOLS = NO;
				SWIFT_APPROACHABLE_CONCURRENCY = YES;
				SWIFT_EMIT_LOC_STRINGS = NO;
				SWIFT_UPCOMING_FEATURE_MEMBER_IMPORT_VISIBILITY = YES;
				SWIFT_VERSION = 5.0;
				TARGETED_DEVICE_FAMILY = "1,2";
				TEST_HOST = "$(BUILT_PRODUCTS_DIR)/SmartBook.app/$(BUNDLE_EXECUTABLE_FOLDER_PATH)/SmartBook";
			};
			name = Debug;
		};
		22B210412F10FD9B0078D1EA /* Release */ = {
			isa = XCBuildConfiguration;
			buildSettings = {
				BUNDLE_LOADER = "$(TEST_HOST)";
				CODE_SIGN_STYLE = Automatic;
				CURRENT_PROJECT_VERSION = 1;
				DEVELOPMENT_TEAM = 42GWBGG54F;
				GENERATE_INFOPLIST_FILE = YES;
				IPHONEOS_DEPLOYMENT_TARGET = 26.2;
				MARKETING_VERSION = 1.0;
				PRODUCT_BUNDLE_IDENTIFIER = com.agc.SmartBookTests;
				PRODUCT_NAME = "$(TARGET_NAME)";
				STRING_CATALOG_GENERATE_SYMBOLS = NO;
				SWIFT_APPROACHABLE_CONCURRENCY = YES;
				SWIFT_EMIT_LOC_STRINGS = NO;
				SWIFT_UPCOMING_FEATURE_MEMBER_IMPORT_VISIBILITY = YES;
				SWIFT_VERSION = 5.0;
				TARGETED_DEVICE_FAMILY = "1,2";
				TEST_HOST = "$(BUILT_PRODUCTS_DIR)/SmartBook.app/$(BUNDLE_EXECUTABLE_FOLDER_PATH)/SmartBook";
			};
			name = Release;
		};
		22B210432F10FD9B0078D1EA /* Debug */ = {
			isa = XCBuildConfiguration;
			buildSettings = {
				CODE_SIGN_STYLE = Automatic;
				CURRENT_PROJECT_VERSION = 1;
				DEVELOPMENT_TEAM = 42GWBGG54F;
				GENERATE_INFOPLIST_FILE = YES;
				MARKETING_VERSION = 1.0;
				PRODUCT_BUNDLE_IDENTIFIER = com.agc.SmartBookUITests;
				PRODUCT_NAME = "$(TARGET_NAME)";
				STRING_CATALOG_GENERATE_SYMBOLS = NO;
				SWIFT_APPROACHABLE_CONCURRENCY = YES;
				SWIFT_EMIT_LOC_STRINGS = NO;
				SWIFT_UPCOMING_FEATURE_MEMBER_IMPORT_VISIBILITY = YES;
				SWIFT_VERSION = 5.0;
				TARGETED_DEVICE_FAMILY = "1,2";
				TEST_TARGET_NAME = SmartBook;
			};
			name = Debug;
		};
		22B210442F10FD9B0078D1EA /* Release */ = {
			isa = XCBuildConfiguration;
			buildSettings = {
				CODE_SIGN_STYLE = Automatic;
				CURRENT_PROJECT_VERSION = 1;
				DEVELOPMENT_TEAM = 42GWBGG54F;
				GENERATE_INFOPLIST_FILE = YES;
				MARKETING_VERSION = 1.0;
				PRODUCT_BUNDLE_IDENTIFIER = com.agc.SmartBookUITests;
				PRODUCT_NAME = "$(TARGET_NAME)";
				STRING_CATALOG_GENERATE_SYMBOLS = NO;
				SWIFT_APPROACHABLE_CONCURRENCY = YES;
				SWIFT_EMIT_LOC_STRINGS = NO;
				SWIFT_UPCOMING_FEATURE_MEMBER_IMPORT_VISIBILITY = YES;
				SWIFT_VERSION = 5.0;
				TARGETED_DEVICE_FAMILY = "1,2";
				TEST_TARGET_NAME = SmartBook;
			};
			name = Release;
		};
/* End XCBuildConfiguration section */

/* Begin XCConfigurationList section */
		22B210142F10FD990078D1EA /* Build configuration list for PBXProject "SmartBook" */ = {
			isa = XCConfigurationList;
			buildConfigurations = (
				22B2103A2F10FD9B0078D1EA /* Debug */,
				22B2103B2F10FD9B0078D1EA /* Release */,
			);
			defaultConfigurationIsVisible = 0;
			defaultConfigurationName = Release;
		};
		22B2103C2F10FD9B0078D1EA /* Build configuration list for PBXNativeTarget "SmartBook" */ = {
			isa = XCConfigurationList;
			buildConfigurations = (
				22B2103D2F10FD9B0078D1EA /* Debug */,
				22B2103E2F10FD9B0078D1EA /* Release */,
			);
			defaultConfigurationIsVisible = 0;
			defaultConfigurationName = Release;
		};
		22B2103F2F10FD9B0078D1EA /* Build configuration list for PBXNativeTarget "SmartBookTests" */ = {
			isa = XCConfigurationList;
			buildConfigurations = (
				22B210402F10FD9B0078D1EA /* Debug */,
				22B210412F10FD9B0078D1EA /* Release */,
			);
			defaultConfigurationIsVisible = 0;
			defaultConfigurationName = Release;
		};
		22B210422F10FD9B0078D1EA /* Build configuration list for PBXNativeTarget "SmartBookUITests" */ = {
			isa = XCConfigurationList;
			buildConfigurations = (
				22B210432F10FD9B0078D1EA /* Debug */,
				22B210442F10FD9B0078D1EA /* Release */,
			);
			defaultConfigurationIsVisible = 0;
			defaultConfigurationName = Release;
		};
/* End XCConfigurationList section */

/* Begin XCRemoteSwiftPackageReference section */
		227CCC312F2882B3009E0BD0 /* XCRemoteSwiftPackageReference "swiftui-introspect" */ = {
			isa = XCRemoteSwiftPackageReference;
			repositoryURL = "https://github.com/siteline/swiftui-introspect";
			requirement = {
				kind = upToNextMajorVersion;
				minimumVersion = 26.0.0;
			};
		};
		22F03A522F1C0B6400A47787 /* XCRemoteSwiftPackageReference "swift-markdown-ui" */ = {
			isa = XCRemoteSwiftPackageReference;
			repositoryURL = "https://github.com/gonzalezreal/swift-markdown-ui";
			requirement = {
				kind = upToNextMajorVersion;
				minimumVersion = 2.4.1;
			};
		};
/* End XCRemoteSwiftPackageReference section */

/* Begin XCSwiftPackageProductDependency section */
		227CCC322F2882B3009E0BD0 /* SwiftUIIntrospect */ = {
			isa = XCSwiftPackageProductDependency;
			package = 227CCC312F2882B3009E0BD0 /* XCRemoteSwiftPackageReference "swiftui-introspect" */;
			productName = SwiftUIIntrospect;
		};
		22F03A532F1C0B6400A47787 /* MarkdownUI */ = {
			isa = XCSwiftPackageProductDependency;
			package = 22F03A522F1C0B6400A47787 /* XCRemoteSwiftPackageReference "swift-markdown-ui" */;
			productName = MarkdownUI;
		};
/* End XCSwiftPackageProductDependency section */
	};
	rootObject = 22B210112F10FD990078D1EA /* Project object */;
}
